{
    "requires": true,
    "lockfileVersion": 1,
    "dependencies": {
        "laravel-echo": {
            "version": "1.6.1",
            "resolved": "https://registry.npmjs.org/laravel-echo/-/laravel-echo-1.6.1.tgz",
            "integrity": "sha512-Nj+vg6IwnXh65Oe+HrIrjOFX5xwR1ln9YgdxPWzuYNOuvT4ZimhkmIe5jb7D3muBPVRUoOY9W4c6YgJ4L0L6+Q=="
        },
        "pusher-js": {
            "version": "5.1.1",
            "resolved": "https://registry.npmjs.org/pusher-js/-/pusher-js-5.1.1.tgz",
            "integrity": "sha512-f2tdoA7NvJQkU8Y/iCH25ZSNGxnwCXrVbwos38isX6gnjsSZ1aksWvyZddm2N0sHJWyl+oPBz/MzU5cevVDyEQ=="
        }
    }
}
